
Microsoft Visual Studio Solution File, Format Version 12.00
# Visual Studio 15
VisualStudioVersion = 15.0.26730.12
MinimumVisualStudioVersion = 10.0.40219.1
Project("{9A19103F-16F7-4668-BE54-9A1E7A4F7556}") = "StephJob", "StephJob\StephJob.csproj", "{089AB673-47CC-409C-A4F6-FF19D718D658}"
EndProject
Project("{2150E333-8FDC-42A3-9474-1A3956D46DE8}") = "dataset", "dataset", "{E62C0496-07C6-49B9-873E-75F3C3F35C9F}"
	ProjectSection(SolutionItems) = preProject
		..\data\sdgs372.csv = ..\data\sdgs372.csv
		..\data\sdgs411.csv = ..\data\sdgs411.csv
		..\data\sdgs431.csv = ..\data\sdgs431.csv
		..\data\sdgs441.csv = ..\data\sdgs441.csv
		..\data\sdgs531.csv = ..\data\sdgs531.csv
		..\data\sdgs861.csv = ..\data\sdgs861.csv
	EndProjectSection
EndProject
Global
	GlobalSection(SolutionConfigurationPlatforms) = preSolution
		Debug|Any CPU = Debug|Any CPU
		Release|Any CPU = Release|Any CPU
	EndGlobalSection
	GlobalSection(ProjectConfigurationPlatforms) = postSolution
		{089AB673-47CC-409C-A4F6-FF19D718D658}.Debug|Any CPU.ActiveCfg = Debug|Any CPU
		{089AB673-47CC-409C-A4F6-FF19D718D658}.Debug|Any CPU.Build.0 = Debug|Any CPU
		{089AB673-47CC-409C-A4F6-FF19D718D658}.Release|Any CPU.ActiveCfg = Release|Any CPU
		{089AB673-47CC-409C-A4F6-FF19D718D658}.Release|Any CPU.Build.0 = Release|Any CPU
	EndGlobalSection
	GlobalSection(SolutionProperties) = preSolution
		HideSolutionNode = FALSE
	EndGlobalSection
	GlobalSection(ExtensibilityGlobals) = postSolution
		SolutionGuid = {94FEB42F-2C97-47CC-B975-43B1025F1EF8}
	EndGlobalSection
EndGlobal
